
Microsoft Visual Studio Solution File, Format Version 12.00
# Visual Studio Version 17
VisualStudioVersion = 17.5.33516.290
MinimumVisualStudioVersion = 10.0.40219.1
Project("{F184B08F-C81C-45F6-A57F-5ABD9991F28F}") = "AgenteAFEXTI", "AgenteAFEXTI.vbproj", "{B0A5417D-0FF4-495A-9CF4-05F91C6ED87B}"
EndProject
Project("{F184B08F-C81C-45F6-A57F-5ABD9991F28F}") = "PruebaAgenteAFEXTI", "PruebaAgenteAFEXTI\PruebaAgenteAFEXTI.vbproj", "{6A7E3E53-E42C-4B19-983D-572621CD0F4A}"
EndProject
Global
	GlobalSection(SolutionConfigurationPlatforms) = preSolution
		Debug|Any CPU = Debug|Any CPU
		Release|Any CPU = Release|Any CPU
	EndGlobalSection
	GlobalSection(ProjectConfigurationPlatforms) = postSolution
		{B0A5417D-0FF4-495A-9CF4-05F91C6ED87B}.Debug|Any CPU.ActiveCfg = Debug|Any CPU
		{B0A5417D-0FF4-495A-9CF4-05F91C6ED87B}.Debug|Any CPU.Build.0 = Debug|Any CPU
		{B0A5417D-0FF4-495A-9CF4-05F91C6ED87B}.Release|Any CPU.ActiveCfg = Release|Any CPU
		{B0A5417D-0FF4-495A-9CF4-05F91C6ED87B}.Release|Any CPU.Build.0 = Release|Any CPU
		{6A7E3E53-E42C-4B19-983D-572621CD0F4A}.Debug|Any CPU.ActiveCfg = Debug|Any CPU
		{6A7E3E53-E42C-4B19-983D-572621CD0F4A}.Debug|Any CPU.Build.0 = Debug|Any CPU
		{6A7E3E53-E42C-4B19-983D-572621CD0F4A}.Release|Any CPU.ActiveCfg = Release|Any CPU
		{6A7E3E53-E42C-4B19-983D-572621CD0F4A}.Release|Any CPU.Build.0 = Release|Any CPU
	EndGlobalSection
	GlobalSection(SolutionProperties) = preSolution
		HideSolutionNode = FALSE
	EndGlobalSection
	GlobalSection(ExtensibilityGlobals) = postSolution
		SolutionGuid = {CF0F5730-26F7-4C5D-BBA4-01F3D3AE005A}
	EndGlobalSection
EndGlobal
